
Microsoft Visual Studio Solution File, Format Version 12.00
# Visual Studio 15
VisualStudioVersion = 15.0.28307.572
MinimumVisualStudioVersion = 10.0.40219.1
Project("{FAE04EC0-301F-11D3-BF4B-00C04F79EFBC}") = "YL_PM.BizFrm.V.1.0", "YL_PM.BizFrm.V.1.0.csproj", "{834FEF2A-2B59-463C-9DE4-F6BBA7B74A2B}"
EndProject
Global
	GlobalSection(SolutionConfigurationPlatforms) = preSolution
		Debug|Any CPU = Debug|Any CPU
		Release|Any CPU = Release|Any CPU
	EndGlobalSection
	GlobalSection(ProjectConfigurationPlatforms) = postSolution
		{834FEF2A-2B59-463C-9DE4-F6BBA7B74A2B}.Debug|Any CPU.ActiveCfg = Debug|Any CPU
		{834FEF2A-2B59-463C-9DE4-F6BBA7B74A2B}.Debug|Any CPU.Build.0 = Debug|Any CPU
		{834FEF2A-2B59-463C-9DE4-F6BBA7B74A2B}.Release|Any CPU.ActiveCfg = Release|Any CPU
		{834FEF2A-2B59-463C-9DE4-F6BBA7B74A2B}.Release|Any CPU.Build.0 = Release|Any CPU
	EndGlobalSection
	GlobalSection(SolutionProperties) = preSolution
		HideSolutionNode = FALSE
	EndGlobalSection
	GlobalSection(ExtensibilityGlobals) = postSolution
		SolutionGuid = {9E0B4EA3-BDE8-4C18-BDEE-479A90F50044}
	EndGlobalSection
EndGlobal
